// !$*UTF8*$!
{
	archiveVersion = 1;
	classes = {
	};
	objectVersion = 50;
	objects = {

/* Begin PBXBuildFile section */
		B133277522CC76C100E04789 /* AppDelegate.swift in Sources */ = {isa = PBXBuildFile; fileRef = B133277422CC76C100E04789 /* AppDelegate.swift */; };
		B133277722CC76C100E04789 /* ViewController.swift in Sources */ = {isa = PBXBuildFile; fileRef = B133277622CC76C100E04789 /* ViewController.swift */; };
		B133277A22CC76C100E04789 /* Main.storyboard in Resources */ = {isa = PBXBuildFile; fileRef = B133277822CC76C100E04789 /* Main.storyboard */; };
		B133277C22CC76C200E04789 /* Assets.xcassets in Resources */ = {isa = PBXBuildFile; fileRef = B133277B22CC76C200E04789 /* Assets.xcassets */; };
		B133277F22CC76C200E04789 /* LaunchScreen.storyboard in Resources */ = {isa = PBXBuildFile; fileRef = B133277D22CC76C200E04789 /* LaunchScreen.storyboard */; };
		B133278A22CC76C200E04789 /* HtmlPostIssueTests.swift in Sources */ = {isa = PBXBuildFile; fileRef = B133278922CC76C200E04789 /* HtmlPostIssueTests.swift */; };
		B133279522CC76C200E04789 /* HtmlPostIssueUITests.swift in Sources */ = {isa = PBXBuildFile; fileRef = B133279422CC76C200E04789 /* HtmlPostIssueUITests.swift */; };
		B13327A322CC7B9400E04789 /* DetailInfoVC.swift in Sources */ = {isa = PBXBuildFile; fileRef = B13327A222CC7B9400E04789 /* DetailInfoVC.swift */; };
		B13327A522CCA20300E04789 /* message_zdm.html in Resources */ = {isa = PBXBuildFile; fileRef = B13327A422CCA20300E04789 /* message_zdm.html */; };
/* End PBXBuildFile section */

/* Begin PBXContainerItemProxy section */
		B133278622CC76C200E04789 /* PBXContainerItemProxy */ = {
			isa = PBXContainerItemProxy;
			containerPortal = B133276922CC76C100E04789 /* Project object */;
			proxyType = 1;
			remoteGlobalIDString = B133277022CC76C100E04789;
			remoteInfo = HtmlPostIssue;
		};
		B133279122CC76C200E04789 /* PBXContainerItemProxy */ = {
			isa = PBXContainerItemProxy;
			containerPortal = B133276922CC76C100E04789 /* Project object */;
			proxyType = 1;
			remoteGlobalIDString = B133277022CC76C100E04789;
			remoteInfo = HtmlPostIssue;
		};
/* End PBXContainerItemProxy section */

/* Begin PBXFileReference section */
		B133277122CC76C100E04789 /* HtmlPostIssue.app */ = {isa = PBXFileReference; explicitFileType = wrapper.application; includeInIndex = 0; path = HtmlPostIssue.app; sourceTree = BUILT_PRODUCTS_DIR; };
		B133277422CC76C100E04789 /* AppDelegate.swift */ = {isa = PBXFileReference; lastKnownFileType = sourcecode.swift; path = AppDelegate.swift; sourceTree = "<group>"; };
		B133277622CC76C100E04789 /* ViewController.swift */ = {isa = PBXFileReference; lastKnownFileType = sourcecode.swift; path = ViewController.swift; sourceTree = "<group>"; };
		B133277922CC76C100E04789 /* Base */ = {isa = PBXFileReference; lastKnownFileType = file.storyboard; name = Base; path = Base.lproj/Main.storyboard; sourceTree = "<group>"; };
		B133277B22CC76C200E04789 /* Assets.xcassets */ = {isa = PBXFileReference; lastKnownFileType = folder.assetcatalog; path = Assets.xcassets; sourceTree = "<group>"; };
		B133277E22CC76C200E04789 /* Base */ = {isa = PBXFileReference; lastKnownFileType = file.storyboard; name = Base; path = Base.lproj/LaunchScreen.storyboard; sourceTree = "<group>"; };
		B133278022CC76C200E04789 /* Info.plist */ = {isa = PBXFileReference; lastKnownFileType = text.plist.xml; path = Info.plist; sourceTree = "<group>"; };
		B133278522CC76C200E04789 /* HtmlPostIssueTests.xctest */ = {isa = PBXFileReference; explicitFileType = wrapper.cfbundle; includeInIndex = 0; path = HtmlPostIssueTests.xctest; sourceTree = BUILT_PRODUCTS_DIR; };
		B133278922CC76C200E04789 /* HtmlPostIssueTests.swift */ = {isa = PBXFileReference; lastKnownFileType = sourcecode.swift; path = HtmlPostIssueTests.swift; sourceTree = "<group>"; };
		B133278B22CC76C200E04789 /* Info.plist */ = {isa = PBXFileReference; lastKnownFileType = text.plist.xml; path = Info.plist; sourceTree = "<group>"; };
		B133279022CC76C200E04789 /* HtmlPostIssueUITests.xctest */ = {isa = PBXFileReference; explicitFileType = wrapper.cfbundle; includeInIndex = 0; path = HtmlPostIssueUITests.xctest; sourceTree = BUILT_PRODUCTS_DIR; };
		B133279422CC76C200E04789 /* HtmlPostIssueUITests.swift */ = {isa = PBXFileReference; lastKnownFileType = sourcecode.swift; path = HtmlPostIssueUITests.swift; sourceTree = "<group>"; };
		B133279622CC76C200E04789 /* Info.plist */ = {isa = PBXFileReference; lastKnownFileType = text.plist.xml; path = Info.plist; sourceTree = "<group>"; };
		B13327A222CC7B9400E04789 /* DetailInfoVC.swift */ = {isa = PBXFileReference; lastKnownFileType = sourcecode.swift; path = DetailInfoVC.swift; sourceTree = "<group>"; };
		B13327A422CCA20300E04789 /* message_zdm.html */ = {isa = PBXFileReference; fileEncoding = 4; lastKnownFileType = text.html; path = message_zdm.html; sourceTree = "<group>"; };
/* End PBXFileReference section */

/* Begin PBXFrameworksBuildPhase section */
		B133276E22CC76C100E04789 /* Frameworks */ = {
			isa = PBXFrameworksBuildPhase;
			buildActionMask = 2147483647;
			files = (
			);
			runOnlyForDeploymentPostprocessing = 0;
		};
		B133278222CC76C200E04789 /* Frameworks */ = {
			isa = PBXFrameworksBuildPhase;
			buildActionMask = 2147483647;
			files = (
			);
			runOnlyForDeploymentPostprocessing = 0;
		};
		B133278D22CC76C200E04789 /* Frameworks */ = {
			isa = PBXFrameworksBuildPhase;
			buildActionMask = 2147483647;
			files = (
			);
			runOnlyForDeploymentPostprocessing = 0;
		};
/* End PBXFrameworksBuildPhase section */

/* Begin PBXGroup section */
		B133276822CC76C100E04789 = {
			isa = PBXGroup;
			children = (
				B133277322CC76C100E04789 /* HtmlPostIssue */,
				B133278822CC76C200E04789 /* HtmlPostIssueTests */,
				B133279322CC76C200E04789 /* HtmlPostIssueUITests */,
				B133277222CC76C100E04789 /* Products */,
			);
			sourceTree = "<group>";
		};
		B133277222CC76C100E04789 /* Products */ = {
			isa = PBXGroup;
			children = (
				B133277122CC76C100E04789 /* HtmlPostIssue.app */,
				B133278522CC76C200E04789 /* HtmlPostIssueTests.xctest */,
				B133279022CC76C200E04789 /* HtmlPostIssueUITests.xctest */,
			);
			name = Products;
			sourceTree = "<group>";
		};
		B133277322CC76C100E04789 /* HtmlPostIssue */ = {
			isa = PBXGroup;
			children = (
				B13327A422CCA20300E04789 /* message_zdm.html */,
				B133277422CC76C100E04789 /* AppDelegate.swift */,
				B133277622CC76C100E04789 /* ViewController.swift */,
				B13327A222CC7B9400E04789 /* DetailInfoVC.swift */,
				B133277822CC76C100E04789 /* Main.storyboard */,
				B133277B22CC76C200E04789 /* Assets.xcassets */,
				B133277D22CC76C200E04789 /* LaunchScreen.storyboard */,
				B133278022CC76C200E04789 /* Info.plist */,
			);
			path = HtmlPostIssue;
			sourceTree = "<group>";
		};
		B133278822CC76C200E04789 /* HtmlPostIssueTests */ = {
			isa = PBXGroup;
			children = (
				B133278922CC76C200E04789 /* HtmlPostIssueTests.swift */,
				B133278B22CC76C200E04789 /* Info.plist */,
			);
			path = HtmlPostIssueTests;
			sourceTree = "<group>";
		};
		B133279322CC76C200E04789 /* HtmlPostIssueUITests */ = {
			isa = PBXGroup;
			children = (
				B133279422CC76C200E04789 /* HtmlPostIssueUITests.swift */,
				B133279622CC76C200E04789 /* Info.plist */,
			);
			path = HtmlPostIssueUITests;
			sourceTree = "<group>";
		};
/* End PBXGroup section */

/* Begin PBXNativeTarget section */
		B133277022CC76C100E04789 /* HtmlPostIssue */ = {
			isa = PBXNativeTarget;
			buildConfigurationList = B133279922CC76C200E04789 /* Build configuration list for PBXNativeTarget "HtmlPostIssue" */;
			buildPhases = (
				B133276D22CC76C100E04789 /* Sources */,
				B133276E22CC76C100E04789 /* Frameworks */,
				B133276F22CC76C100E04789 /* Resources */,
			);
			buildRules = (
			);
			dependencies = (
			);
			name = HtmlPostIssue;
			productName = HtmlPostIssue;
			productReference = B133277122CC76C100E04789 /* HtmlPostIssue.app */;
			productType = "com.apple.product-type.application";
		};
		B133278422CC76C200E04789 /* HtmlPostIssueTests */ = {
			isa = PBXNativeTarget;
			buildConfigurationList = B133279C22CC76C200E04789 /* Build configuration list for PBXNativeTarget "HtmlPostIssueTests" */;
			buildPhases = (
				B133278122CC76C200E04789 /* Sources */,
				B133278222CC76C200E04789 /* Frameworks */,
				B133278322CC76C200E04789 /* Resources */,
			);
			buildRules = (
			);
			dependencies = (
				B133278722CC76C200E04789 /* PBXTargetDependency */,
			);
			name = HtmlPostIssueTests;
			productName = HtmlPostIssueTests;
			productReference = B133278522CC76C200E04789 /* HtmlPostIssueTests.xctest */;
			productType = "com.apple.product-type.bundle.unit-test";
		};
		B133278F22CC76C200E04789 /* HtmlPostIssueUITests */ = {
			isa = PBXNativeTarget;
			buildConfigurationList = B133279F22CC76C200E04789 /* Build configuration list for PBXNativeTarget "HtmlPostIssueUITests" */;
			buildPhases = (
				B133278C22CC76C200E04789 /* Sources */,
				B133278D22CC76C200E04789 /* Frameworks */,
				B133278E22CC76C200E04789 /* Resources */,
			);
			buildRules = (
			);
			dependencies = (
				B133279222CC76C200E04789 /* PBXTargetDependency */,
			);
			name = HtmlPostIssueUITests;
			productName = HtmlPostIssueUITests;
			productReference = B133279022CC76C200E04789 /* HtmlPostIssueUITests.xctest */;
			productType = "com.apple.product-type.bundle.ui-testing";
		};
/* End PBXNativeTarget section */

/* Begin PBXProject section */
		B133276922CC76C100E04789 /* Project object */ = {
			isa = PBXProject;
			attributes = {
				LastSwiftUpdateCheck = 1020;
				LastUpgradeCheck = 1020;
				ORGANIZATIONNAME = "Rohit Kale";
				TargetAttributes = {
					B133277022CC76C100E04789 = {
						CreatedOnToolsVersion = 10.2.1;
					};
					B133278422CC76C200E04789 = {
						CreatedOnToolsVersion = 10.2.1;
						TestTargetID = B133277022CC76C100E04789;
					};
					B133278F22CC76C200E04789 = {
						CreatedOnToolsVersion = 10.2.1;
						TestTargetID = B133277022CC76C100E04789;
					};
				};
			};
			buildConfigurationList = B133276C22CC76C100E04789 /* Build configuration list for PBXProject "HtmlPostIssue" */;
			compatibilityVersion = "Xcode 9.3";
			developmentRegion = en;
			hasScannedForEncodings = 0;
			knownRegions = (
				en,
				Base,
			);
			mainGroup = B133276822CC76C100E04789;
			productRefGroup = B133277222CC76C100E04789 /* Products */;
			projectDirPath = "";
			projectRoot = "";
			targets = (
				B133277022CC76C100E04789 /* HtmlPostIssue */,
				B133278422CC76C200E04789 /* HtmlPostIssueTests */,
				B133278F22CC76C200E04789 /* HtmlPostIssueUITests */,
			);
		};
/* End PBXProject section */

/* Begin PBXResourcesBuildPhase section */
		B133276F22CC76C100E04789 /* Resources */ = {
			isa = PBXResourcesBuildPhase;
			buildActionMask = 2147483647;
			files = (
				B133277F22CC76C200E04789 /* LaunchScreen.storyboard in Resources */,
				B13327A522CCA20300E04789 /* message_zdm.html in Resources */,
				B133277C22CC76C200E04789 /* Assets.xcassets in Resources */,
				B133277A22CC76C100E04789 /* Main.storyboard in Resources */,
			);
			runOnlyForDeploymentPostprocessing = 0;
		};
		B133278322CC76C200E04789 /* Resources */ = {
			isa = PBXResourcesBuildPhase;
			buildActionMask = 2147483647;
			files = (
			);
			runOnlyForDeploymentPostprocessing = 0;
		};
		B133278E22CC76C200E04789 /* Resources */ = {
			isa = PBXResourcesBuildPhase;
			buildActionMask = 2147483647;
			files = (
			);
			runOnlyForDeploymentPostprocessing = 0;
		};
/* End PBXResourcesBuildPhase section */

/* Begin PBXSourcesBuildPhase section */
		B133276D22CC76C100E04789 /* Sources */ = {
			isa = PBXSourcesBuildPhase;
			buildActionMask = 2147483647;
			files = (
				B13327A322CC7B9400E04789 /* DetailInfoVC.swift in Sources */,
				B133277722CC76C100E04789 /* ViewController.swift in Sources */,
				B133277522CC76C100E04789 /* AppDelegate.swift in Sources */,
			);
			runOnlyForDeploymentPostprocessing = 0;
		};
		B133278122CC76C200E04789 /* Sources */ = {
			isa = PBXSourcesBuildPhase;
			buildActionMask = 2147483647;
			files = (
				B133278A22CC76C200E04789 /* HtmlPostIssueTests.swift in Sources */,
			);
			runOnlyForDeploymentPostprocessing = 0;
		};
		B133278C22CC76C200E04789 /* Sources */ = {
			isa = PBXSourcesBuildPhase;
			buildActionMask = 2147483647;
			files = (
				B133279522CC76C200E04789 /* HtmlPostIssueUITests.swift in Sources */,
			);
			runOnlyForDeploymentPostprocessing = 0;
		};
/* End PBXSourcesBuildPhase section */

/* Begin PBXTargetDependency section */
		B133278722CC76C200E04789 /* PBXTargetDependency */ = {
			isa = PBXTargetDependency;
			target = B133277022CC76C100E04789 /* HtmlPostIssue */;
			targetProxy = B133278622CC76C200E04789 /* PBXContainerItemProxy */;
		};
		B133279222CC76C200E04789 /* PBXTargetDependency */ = {
			isa = PBXTargetDependency;
			target = B133277022CC76C100E04789 /* HtmlPostIssue */;
			targetProxy = B133279122CC76C200E04789 /* PBXContainerItemProxy */;
		};
/* End PBXTargetDependency section */

/* Begin PBXVariantGroup section */
		B133277822CC76C100E04789 /* Main.storyboard */ = {
			isa = PBXVariantGroup;
			children = (
				B133277922CC76C100E04789 /* Base */,
			);
			name = Main.storyboard;
			sourceTree = "<group>";
		};
		B133277D22CC76C200E04789 /* LaunchScreen.storyboard */ = {
			isa = PBXVariantGroup;
			children = (
				B133277E22CC76C200E04789 /* Base */,
			);
			name = LaunchScreen.storyboard;
			sourceTree = "<group>";
		};
/* End PBXVariantGroup section */

/* Begin XCBuildConfiguration section */
		B133279722CC76C200E04789 /* Debug */ = {
			isa = XCBuildConfiguration;
			buildSettings = {
				ALWAYS_SEARCH_USER_PATHS = NO;
				CLANG_ANALYZER_NONNULL = YES;
				CLANG_ANALYZER_NUMBER_OBJECT_CONVERSION = YES_AGGRESSIVE;
				CLANG_CXX_LANGUAGE_STANDARD = "gnu++14";
				CLANG_CXX_LIBRARY = "libc++";
				CLANG_ENABLE_MODULES = YES;
				CLANG_ENABLE_OBJC_ARC = YES;
				CLANG_ENABLE_OBJC_WEAK = YES;
				CLANG_WARN_BLOCK_CAPTURE_AUTORELEASING = YES;
				CLANG_WARN_BOOL_CONVERSION = YES;
				CLANG_WARN_COMMA = YES;
				CLANG_WARN_CONSTANT_CONVERSION = YES;
				CLANG_WARN_DEPRECATED_OBJC_IMPLEMENTATIONS = YES;
				CLANG_WARN_DIRECT_OBJC_ISA_USAGE = YES_ERROR;
				CLANG_WARN_DOCUMENTATION_COMMENTS = YES;
				CLANG_WARN_EMPTY_BODY = YES;
				CLANG_WARN_ENUM_CONVERSION = YES;
				CLANG_WARN_INFINITE_RECURSION = YES;
				CLANG_WARN_INT_CONVERSION = YES;
				CLANG_WARN_NON_LITERAL_NULL_CONVERSION = YES;
				CLANG_WARN_OBJC_IMPLICIT_RETAIN_SELF = YES;
				CLANG_WARN_OBJC_LITERAL_CONVERSION = YES;
				CLANG_WARN_OBJC_ROOT_CLASS = YES_ERROR;
				CLANG_WARN_RANGE_LOOP_ANALYSIS = YES;
				CLANG_WARN_STRICT_PROTOTYPES = YES;
				CLANG_WARN_SUSPICIOUS_MOVE = YES;
				CLANG_WARN_UNGUARDED_AVAILABILITY = YES_AGGRESSIVE;
				CLANG_WARN_UNREACHABLE_CODE = YES;
				CLANG_WARN__DUPLICATE_METHOD_MATCH = YES;
				CODE_SIGN_IDENTITY = "iPhone Developer";
				COPY_PHASE_STRIP = NO;
				DEBUG_INFORMATION_FORMAT = dwarf;
				ENABLE_STRICT_OBJC_MSGSEND = YES;
				ENABLE_TESTABILITY = YES;
				GCC_C_LANGUAGE_STANDARD = gnu11;
				GCC_DYNAMIC_NO_PIC = NO;
				GCC_NO_COMMON_BLOCKS = YES;
				GCC_OPTIMIZATION_LEVEL = 0;
				GCC_PREPROCESSOR_DEFINITIONS = (
					"DEBUG=1",
					"$(inherited)",
				);
				GCC_WARN_64_TO_32_BIT_CONVERSION = YES;
				GCC_WARN_ABOUT_RETURN_TYPE = YES_ERROR;
				GCC_WARN_UNDECLARED_SELECTOR = YES;
				GCC_WARN_UNINITIALIZED_AUTOS = YES_AGGRESSIVE;
				GCC_WARN_UNUSED_FUNCTION = YES;
				GCC_WARN_UNUSED_VARIABLE = YES;
				IPHONEOS_DEPLOYMENT_TARGET = 12.2;
				MTL_ENABLE_DEBUG_INFO = INCLUDE_SOURCE;
				MTL_FAST_MATH = YES;
				ONLY_ACTIVE_ARCH = YES;
				SDKROOT = iphoneos;
				SWIFT_ACTIVE_COMPILATION_CONDITIONS = DEBUG;
				SWIFT_OPTIMIZATION_LEVEL = "-Onone";
			};
			name = Debug;
		};
		B133279822CC76C200E04789 /* Release */ = {
			isa = XCBuildConfiguration;
			buildSettings = {
				ALWAYS_SEARCH_USER_PATHS = NO;
				CLANG_ANALYZER_NONNULL = YES;
				CLANG_ANALYZER_NUMBER_OBJECT_CONVERSION = YES_AGGRESSIVE;
				CLANG_CXX_LANGUAGE_STANDARD = "gnu++14";
				CLANG_CXX_LIBRARY = "libc++";
				CLANG_ENABLE_MODULES = YES;
				CLANG_ENABLE_OBJC_ARC = YES;
				CLANG_ENABLE_OBJC_WEAK = YES;
				CLANG_WARN_BLOCK_CAPTURE_AUTORELEASING = YES;
				CLANG_WARN_BOOL_CONVERSION = YES;
				CLANG_WARN_COMMA = YES;
				CLANG_WARN_CONSTANT_CONVERSION = YES;
				CLANG_WARN_DEPRECATED_OBJC_IMPLEMENTATIONS = YES;
				CLANG_WARN_DIRECT_OBJC_ISA_USAGE = YES_ERROR;
				CLANG_WARN_DOCUMENTATION_COMMENTS = YES;
				CLANG_WARN_EMPTY_BODY = YES;
				CLANG_WARN_ENUM_CONVERSION = YES;
				CLANG_WARN_INFINITE_RECURSION = YES;
				CLANG_WARN_INT_CONVERSION = YES;
				CLANG_WARN_NON_LITERAL_NULL_CONVERSION = YES;
				CLANG_WARN_OBJC_IMPLICIT_RETAIN_SELF = YES;
				CLANG_WARN_OBJC_LITERAL_CONVERSION = YES;
				CLANG_WARN_OBJC_ROOT_CLASS = YES_ERROR;
				CLANG_WARN_RANGE_LOOP_ANALYSIS = YES;
				CLANG_WARN_STRICT_PROTOTYPES = YES;
				CLANG_WARN_SUSPICIOUS_MOVE = YES;
				CLANG_WARN_UNGUARDED_AVAILABILITY = YES_AGGRESSIVE;
				CLANG_WARN_UNREACHABLE_CODE = YES;
				CLANG_WARN__DUPLICATE_METHOD_MATCH = YES;
				CODE_SIGN_IDENTITY = "iPhone Developer";
				COPY_PHASE_STRIP = NO;
				DEBUG_INFORMATION_FORMAT = "dwarf-with-dsym";
				ENABLE_NS_ASSERTIONS = NO;
				ENABLE_STRICT_OBJC_MSGSEND = YES;
				GCC_C_LANGUAGE_STANDARD = gnu11;
				GCC_NO_COMMON_BLOCKS = YES;
				GCC_WARN_64_TO_32_BIT_CONVERSION = YES;
				GCC_WARN_ABOUT_RETURN_TYPE = YES_ERROR;
				GCC_WARN_UNDECLARED_SELECTOR = YES;
				GCC_WARN_UNINITIALIZED_AUTOS = YES_AGGRESSIVE;
				GCC_WARN_UNUSED_FUNCTION = YES;
				GCC_WARN_UNUSED_VARIABLE = YES;
				IPHONEOS_DEPLOYMENT_TARGET = 12.2;
				MTL_ENABLE_DEBUG_INFO = NO;
				MTL_FAST_MATH = YES;
				SDKROOT = iphoneos;
				SWIFT_COMPILATION_MODE = wholemodule;
				SWIFT_OPTIMIZATION_LEVEL = "-O";
				VALIDATE_PRODUCT = YES;
			};
			name = Release;
		};
		B133279A22CC76C200E04789 /* Debug */ = {
			isa = XCBuildConfiguration;
			buildSettings = {
				ASSETCATALOG_COMPILER_APPICON_NAME = AppIcon;
				CODE_SIGN_STYLE = Automatic;
				INFOPLIST_FILE = HtmlPostIssue/Info.plist;
				LD_RUNPATH_SEARCH_PATHS = (
					"$(inherited)",
					"@executable_path/Frameworks",
				);
				PRODUCT_BUNDLE_IDENTIFIER = com.rohit.HtmlPostIssue;
				PRODUCT_NAME = "$(TARGET_NAME)";
				SWIFT_VERSION = 5.0;
				TARGETED_DEVICE_FAMILY = "1,2";
			};
			name = Debug;
		};
		B133279B22CC76C200E04789 /* Release */ = {
			isa = XCBuildConfiguration;
			buildSettings = {
				ASSETCATALOG_COMPILER_APPICON_NAME = AppIcon;
				CODE_SIGN_STYLE = Automatic;
				INFOPLIST_FILE = HtmlPostIssue/Info.plist;
				LD_RUNPATH_SEARCH_PATHS = (
					"$(inherited)",
					"@executable_path/Frameworks",
				);
				PRODUCT_BUNDLE_IDENTIFIER = com.rohit.HtmlPostIssue;
				PRODUCT_NAME = "$(TARGET_NAME)";
				SWIFT_VERSION = 5.0;
				TARGETED_DEVICE_FAMILY = "1,2";
			};
			name = Release;
		};
		B133279D22CC76C200E04789 /* Debug */ = {
			isa = XCBuildConfiguration;
			buildSettings = {
				ALWAYS_EMBED_SWIFT_STANDARD_LIBRARIES = YES;
				BUNDLE_LOADER = "$(TEST_HOST)";
				CODE_SIGN_STYLE = Automatic;
				INFOPLIST_FILE = HtmlPostIssueTests/Info.plist;
				LD_RUNPATH_SEARCH_PATHS = (
					"$(inherited)",
					"@executable_path/Frameworks",
					"@loader_path/Frameworks",
				);
				PRODUCT_BUNDLE_IDENTIFIER = com.rohit.HtmlPostIssueTests;
				PRODUCT_NAME = "$(TARGET_NAME)";
				SWIFT_VERSION = 5.0;
				TARGETED_DEVICE_FAMILY = "1,2";
				TEST_HOST = "$(BUILT_PRODUCTS_DIR)/HtmlPostIssue.app/HtmlPostIssue";
			};
			name = Debug;
		};
		B133279E22CC76C200E04789 /* Release */ = {
			isa = XCBuildConfiguration;
			buildSettings = {
				ALWAYS_EMBED_SWIFT_STANDARD_LIBRARIES = YES;
				BUNDLE_LOADER = "$(TEST_HOST)";
				CODE_SIGN_STYLE = Automatic;
				INFOPLIST_FILE = HtmlPostIssueTests/Info.plist;
				LD_RUNPATH_SEARCH_PATHS = (
					"$(inherited)",
					"@executable_path/Frameworks",
					"@loader_path/Frameworks",
				);
				PRODUCT_BUNDLE_IDENTIFIER = com.rohit.HtmlPostIssueTests;
				PRODUCT_NAME = "$(TARGET_NAME)";
				SWIFT_VERSION = 5.0;
				TARGETED_DEVICE_FAMILY = "1,2";
				TEST_HOST = "$(BUILT_PRODUCTS_DIR)/HtmlPostIssue.app/HtmlPostIssue";
			};
			name = Release;
		};
		B13327A022CC76C200E04789 /* Debug */ = {
			isa = XCBuildConfiguration;
			buildSettings = {
				ALWAYS_EMBED_SWIFT_STANDARD_LIBRARIES = YES;
				CODE_SIGN_STYLE = Automatic;
				INFOPLIST_FILE = HtmlPostIssueUITests/Info.plist;
				LD_RUNPATH_SEARCH_PATHS = (
					"$(inherited)",
					"@executable_path/Frameworks",
					"@loader_path/Frameworks",
				);
				PRODUCT_BUNDLE_IDENTIFIER = com.rohit.HtmlPostIssueUITests;
				PRODUCT_NAME = "$(TARGET_NAME)";
				SWIFT_VERSION = 5.0;
				TARGETED_DEVICE_FAMILY = "1,2";
				TEST_TARGET_NAME = HtmlPostIssue;
			};
			name = Debug;
		};
		B13327A122CC76C200E04789 /* Release */ = {
			isa = XCBuildConfiguration;
			buildSettings = {
				ALWAYS_EMBED_SWIFT_STANDARD_LIBRARIES = YES;
				CODE_SIGN_STYLE = Automatic;
				INFOPLIST_FILE = HtmlPostIssueUITests/Info.plist;
				LD_RUNPATH_SEARCH_PATHS = (
					"$(inherited)",
					"@executable_path/Frameworks",
					"@loader_path/Frameworks",
				);
				PRODUCT_BUNDLE_IDENTIFIER = com.rohit.HtmlPostIssueUITests;
				PRODUCT_NAME = "$(TARGET_NAME)";
				SWIFT_VERSION = 5.0;
				TARGETED_DEVICE_FAMILY = "1,2";
				TEST_TARGET_NAME = HtmlPostIssue;
			};
			name = Release;
		};
/* End XCBuildConfiguration section */

/* Begin XCConfigurationList section */
		B133276C22CC76C100E04789 /* Build configuration list for PBXProject "HtmlPostIssue" */ = {
			isa = XCConfigurationList;
			buildConfigurations = (
				B133279722CC76C200E04789 /* Debug */,
				B133279822CC76C200E04789 /* Release */,
			);
			defaultConfigurationIsVisible = 0;
			defaultConfigurationName = Release;
		};
		B133279922CC76C200E04789 /* Build configuration list for PBXNativeTarget "HtmlPostIssue" */ = {
			isa = XCConfigurationList;
			buildConfigurations = (
				B133279A22CC76C200E04789 /* Debug */,
				B133279B22CC76C200E04789 /* Release */,
			);
			defaultConfigurationIsVisible = 0;
			defaultConfigurationName = Release;
		};
		B133279C22CC76C200E04789 /* Build configuration list for PBXNativeTarget "HtmlPostIssueTests" */ = {
			isa = XCConfigurationList;
			buildConfigurations = (
				B133279D22CC76C200E04789 /* Debug */,
				B133279E22CC76C200E04789 /* Release */,
			);
			defaultConfigurationIsVisible = 0;
			defaultConfigurationName = Release;
		};
		B133279F22CC76C200E04789 /* Build configuration list for PBXNativeTarget "HtmlPostIssueUITests" */ = {
			isa = XCConfigurationList;
			buildConfigurations = (
				B13327A022CC76C200E04789 /* Debug */,
				B13327A122CC76C200E04789 /* Release */,
			);
			defaultConfigurationIsVisible = 0;
			defaultConfigurationName = Release;
		};
/* End XCConfigurationList section */
	};
	rootObject = B133276922CC76C100E04789 /* Project object */;
}
